// !$*UTF8*$!
{
	archiveVersion = 1;
	classes = {
	};
	objectVersion = 46;
	objects = {

/* Begin PBXBuildFile section */
		87705D871672DBFC00495FA9 /* Cocoa.framework in Frameworks */ = {isa = PBXBuildFile; fileRef = 87705D861672DBFC00495FA9 /* Cocoa.framework */; };
		87705D931672DBFC00495FA9 /* main.m in Sources */ = {isa = PBXBuildFile; fileRef = 87705D921672DBFC00495FA9 /* main.m */; };
		87705D9A1672DBFC00495FA9 /* AppDelegate.m in Sources */ = {isa = PBXBuildFile; fileRef = 87705D991672DBFC00495FA9 /* AppDelegate.m */; };
		87705DA41672E41300495FA9 /* Quartz.framework in Frameworks */ = {isa = PBXBuildFile; fileRef = 87705DA31672E41300495FA9 /* Quartz.framework */; };
		87705DA71672E45300495FA9 /* ImageItem.m in Sources */ = {isa = PBXBuildFile; fileRef = 87705DA61672E45300495FA9 /* ImageItem.m */; };
		87705DAA167304C000495FA9 /* AppController.m in Sources */ = {isa = PBXBuildFile; fileRef = 87705DA9167304C000495FA9 /* AppController.m */; };
		87705DBA16731FB400495FA9 /* Localizable.strings in Resources */ = {isa = PBXBuildFile; fileRef = 87705DBC16731FB400495FA9 /* Localizable.strings */; };
		87705DD01674AC2600495FA9 /* FileManager.m in Sources */ = {isa = PBXBuildFile; fileRef = 87705DCF1674AC2600495FA9 /* FileManager.m */; };
		87705DD51674BC4500495FA9 /* background.jpg in Resources */ = {isa = PBXBuildFile; fileRef = 87705DD41674BC4500495FA9 /* background.jpg */; };
		87737DEA1693F35D00C8CD98 /* MainMenu.xib in Resources */ = {isa = PBXBuildFile; fileRef = 87737DE91693F35D00C8CD98 /* MainMenu.xib */; };
		87737DF0169539D100C8CD98 /* icons.icns in Resources */ = {isa = PBXBuildFile; fileRef = 87737DEF169539D100C8CD98 /* icons.icns */; };
		879968111676447600048ADE /* MainView.m in Sources */ = {isa = PBXBuildFile; fileRef = 879968101676447600048ADE /* MainView.m */; };
		87AD428F1692B6C600280F22 /* Images.bundle in Resources */ = {isa = PBXBuildFile; fileRef = 87AD428E1692B6C600280F22 /* Images.bundle */; };
/* End PBXBuildFile section */

/* Begin PBXFileReference section */
		87705D821672DBFC00495FA9 /* Wallpapers.app */ = {isa = PBXFileReference; explicitFileType = wrapper.application; includeInIndex = 0; path = Wallpapers.app; sourceTree = BUILT_PRODUCTS_DIR; };
		87705D861672DBFC00495FA9 /* Cocoa.framework */ = {isa = PBXFileReference; lastKnownFileType = wrapper.framework; name = Cocoa.framework; path = System/Library/Frameworks/Cocoa.framework; sourceTree = SDKROOT; };
		87705D891672DBFC00495FA9 /* AppKit.framework */ = {isa = PBXFileReference; lastKnownFileType = wrapper.framework; name = AppKit.framework; path = System/Library/Frameworks/AppKit.framework; sourceTree = SDKROOT; };
		87705D8B1672DBFC00495FA9 /* Foundation.framework */ = {isa = PBXFileReference; lastKnownFileType = wrapper.framework; name = Foundation.framework; path = System/Library/Frameworks/Foundation.framework; sourceTree = SDKROOT; };
		87705D8E1672DBFC00495FA9 /* Info.plist */ = {isa = PBXFileReference; lastKnownFileType = text.plist.xml; path = Info.plist; sourceTree = "<group>"; };
		87705D921672DBFC00495FA9 /* main.m */ = {isa = PBXFileReference; lastKnownFileType = sourcecode.c.objc; path = main.m; sourceTree = "<group>"; };
		87705D941672DBFC00495FA9 /* Wallpapers-Prefix.pch */ = {isa = PBXFileReference; lastKnownFileType = sourcecode.c.h; path = "Wallpapers-Prefix.pch"; sourceTree = "<group>"; };
		87705D981672DBFC00495FA9 /* AppDelegate.h */ = {isa = PBXFileReference; lastKnownFileType = sourcecode.c.h; path = AppDelegate.h; sourceTree = "<group>"; };
		87705D991672DBFC00495FA9 /* AppDelegate.m */ = {isa = PBXFileReference; lastKnownFileType = sourcecode.c.objc; path = AppDelegate.m; sourceTree = "<group>"; };
		87705DA31672E41300495FA9 /* Quartz.framework */ = {isa = PBXFileReference; lastKnownFileType = wrapper.framework; name = Quartz.framework; path = System/Library/Frameworks/Quartz.framework; sourceTree = SDKROOT; };
		87705DA51672E45300495FA9 /* ImageItem.h */ = {isa = PBXFileReference; fileEncoding = 4; lastKnownFileType = sourcecode.c.h; path = ImageItem.h; sourceTree = "<group>"; };
		87705DA61672E45300495FA9 /* ImageItem.m */ = {isa = PBXFileReference; fileEncoding = 4; lastKnownFileType = sourcecode.c.objc; path = ImageItem.m; sourceTree = "<group>"; };
		87705DA8167304C000495FA9 /* AppController.h */ = {isa = PBXFileReference; fileEncoding = 4; lastKnownFileType = sourcecode.c.h; path = AppController.h; sourceTree = "<group>"; };
		87705DA9167304C000495FA9 /* AppController.m */ = {isa = PBXFileReference; fileEncoding = 4; lastKnownFileType = sourcecode.c.objc; path = AppController.m; sourceTree = "<group>"; };
		87705DBB16731FB400495FA9 /* en */ = {isa = PBXFileReference; lastKnownFileType = text.plist.strings; name = en; path = en.lproj/Localizable.strings; sourceTree = "<group>"; };
		87705DBD16731FB600495FA9 /* ja */ = {isa = PBXFileReference; lastKnownFileType = text.plist.strings; name = ja; path = ja.lproj/Localizable.strings; sourceTree = "<group>"; };
		87705DCE1674AC2600495FA9 /* FileManager.h */ = {isa = PBXFileReference; fileEncoding = 4; lastKnownFileType = sourcecode.c.h; path = FileManager.h; sourceTree = "<group>"; };
		87705DCF1674AC2600495FA9 /* FileManager.m */ = {isa = PBXFileReference; fileEncoding = 4; lastKnownFileType = sourcecode.c.objc; path = FileManager.m; sourceTree = "<group>"; };
		87705DD41674BC4500495FA9 /* background.jpg */ = {isa = PBXFileReference; lastKnownFileType = image.jpeg; name = background.jpg; path = Resources/background.jpg; sourceTree = "<group>"; };
		87737DE91693F35D00C8CD98 /* MainMenu.xib */ = {isa = PBXFileReference; fileEncoding = 4; lastKnownFileType = file.xib; path = MainMenu.xib; sourceTree = "<group>"; };
		87737DEF169539D100C8CD98 /* icons.icns */ = {isa = PBXFileReference; lastKnownFileType = image.icns; name = icons.icns; path = Resources/icons.icns; sourceTree = "<group>"; };
		8799680F1676447600048ADE /* MainView.h */ = {isa = PBXFileReference; fileEncoding = 4; lastKnownFileType = sourcecode.c.h; name = MainView.h; path = SubClasses/MainView.h; sourceTree = "<group>"; };
		879968101676447600048ADE /* MainView.m */ = {isa = PBXFileReference; fileEncoding = 4; lastKnownFileType = sourcecode.c.objc; name = MainView.m; path = SubClasses/MainView.m; sourceTree = "<group>"; };
		87AD428E1692B6C600280F22 /* Images.bundle */ = {isa = PBXFileReference; lastKnownFileType = "wrapper.plug-in"; path = Images.bundle; sourceTree = "<group>"; };
		87AD429B1693499700280F22 /* Wallpapers.entitlements */ = {isa = PBXFileReference; lastKnownFileType = text.xml; path = Wallpapers.entitlements; sourceTree = "<group>"; };
/* End PBXFileReference section */

/* Begin PBXFrameworksBuildPhase section */
		87705D7F1672DBFC00495FA9 /* Frameworks */ = {
			isa = PBXFrameworksBuildPhase;
			buildActionMask = 2147483647;
			files = (
				87705DA41672E41300495FA9 /* Quartz.framework in Frameworks */,
				87705D871672DBFC00495FA9 /* Cocoa.framework in Frameworks */,
			);
			runOnlyForDeploymentPostprocessing = 0;
		};
/* End PBXFrameworksBuildPhase section */

/* Begin PBXGroup section */
		87705D771672DBFC00495FA9 = {
			isa = PBXGroup;
			children = (
				87705D8C1672DBFC00495FA9 /* Wallpapers */,
				87705D851672DBFC00495FA9 /* Frameworks */,
				87705D831672DBFC00495FA9 /* Products */,
			);
			sourceTree = "<group>";
		};
		87705D831672DBFC00495FA9 /* Products */ = {
			isa = PBXGroup;
			children = (
				87705D821672DBFC00495FA9 /* Wallpapers.app */,
			);
			name = Products;
			sourceTree = "<group>";
		};
		87705D851672DBFC00495FA9 /* Frameworks */ = {
			isa = PBXGroup;
			children = (
				87705DA31672E41300495FA9 /* Quartz.framework */,
				87705D861672DBFC00495FA9 /* Cocoa.framework */,
				87705D881672DBFC00495FA9 /* Other Frameworks */,
			);
			name = Frameworks;
			sourceTree = "<group>";
		};
		87705D881672DBFC00495FA9 /* Other Frameworks */ = {
			isa = PBXGroup;
			children = (
				87705D891672DBFC00495FA9 /* AppKit.framework */,
				87705D8B1672DBFC00495FA9 /* Foundation.framework */,
			);
			name = "Other Frameworks";
			sourceTree = "<group>";
		};
		87705D8C1672DBFC00495FA9 /* Wallpapers */ = {
			isa = PBXGroup;
			children = (
				87705DA8167304C000495FA9 /* AppController.h */,
				87705DA9167304C000495FA9 /* AppController.m */,
				87705D981672DBFC00495FA9 /* AppDelegate.h */,
				87705D991672DBFC00495FA9 /* AppDelegate.m */,
				87AD42901692B71600280F22 /* Common */,
				87705DA51672E45300495FA9 /* ImageItem.h */,
				87705DA61672E45300495FA9 /* ImageItem.m */,
				87AD428E1692B6C600280F22 /* Images.bundle */,
				87737DE91693F35D00C8CD98 /* MainMenu.xib */,
				87705DD31674B35500495FA9 /* Resources */,
				87705DCA1674A7AE00495FA9 /* SubClasses */,
				87705D8D1672DBFC00495FA9 /* Supporting Files */,
				87AD429B1693499700280F22 /* Wallpapers.entitlements */,
			);
			path = Wallpapers;
			sourceTree = "<group>";
		};
		87705D8D1672DBFC00495FA9 /* Supporting Files */ = {
			isa = PBXGroup;
			children = (
				87705D8E1672DBFC00495FA9 /* Info.plist */,
				87705D921672DBFC00495FA9 /* main.m */,
				87705D941672DBFC00495FA9 /* Wallpapers-Prefix.pch */,
				87705DBC16731FB400495FA9 /* Localizable.strings */,
			);
			name = "Supporting Files";
			sourceTree = "<group>";
		};
		87705DCA1674A7AE00495FA9 /* SubClasses */ = {
			isa = PBXGroup;
			children = (
				8799680F1676447600048ADE /* MainView.h */,
				879968101676447600048ADE /* MainView.m */,
			);
			name = SubClasses;
			sourceTree = "<group>";
		};
		87705DD31674B35500495FA9 /* Resources */ = {
			isa = PBXGroup;
			children = (
				87737DEF169539D100C8CD98 /* icons.icns */,
				87705DD41674BC4500495FA9 /* background.jpg */,
			);
			name = Resources;
			sourceTree = "<group>";
		};
		87AD42901692B71600280F22 /* Common */ = {
			isa = PBXGroup;
			children = (
				87705DCE1674AC2600495FA9 /* FileManager.h */,
				87705DCF1674AC2600495FA9 /* FileManager.m */,
			);
			name = Common;
			sourceTree = "<group>";
		};
/* End PBXGroup section */

/* Begin PBXNativeTarget section */
		87705D811672DBFC00495FA9 /* Wallpapers */ = {
			isa = PBXNativeTarget;
			buildConfigurationList = 87705DA01672DBFD00495FA9 /* Build configuration list for PBXNativeTarget "Wallpapers" */;
			buildPhases = (
				87705D7E1672DBFC00495FA9 /* Sources */,
				87705D7F1672DBFC00495FA9 /* Frameworks */,
				87705D801672DBFC00495FA9 /* Resources */,
			);
			buildRules = (
			);
			dependencies = (
			);
			name = Wallpapers;
			productName = Wallpapers;
			productReference = 87705D821672DBFC00495FA9 /* Wallpapers.app */;
			productType = "com.apple.product-type.application";
		};
/* End PBXNativeTarget section */

/* Begin PBXProject section */
		87705D791672DBFC00495FA9 /* Project object */ = {
			isa = PBXProject;
			attributes = {
				LastUpgradeCheck = 0450;
				ORGANIZATIONNAME = kota;
			};
			buildConfigurationList = 87705D7C1672DBFC00495FA9 /* Build configuration list for PBXProject "Wallpapers" */;
			compatibilityVersion = "Xcode 3.2";
			developmentRegion = English;
			hasScannedForEncodings = 0;
			knownRegions = (
				en,
				ja,
			);
			mainGroup = 87705D771672DBFC00495FA9;
			productRefGroup = 87705D831672DBFC00495FA9 /* Products */;
			projectDirPath = "";
			projectRoot = "";
			targets = (
				87705D811672DBFC00495FA9 /* Wallpapers */,
			);
		};
/* End PBXProject section */

/* Begin PBXResourcesBuildPhase section */
		87705D801672DBFC00495FA9 /* Resources */ = {
			isa = PBXResourcesBuildPhase;
			buildActionMask = 2147483647;
			files = (
				87705DBA16731FB400495FA9 /* Localizable.strings in Resources */,
				87705DD51674BC4500495FA9 /* background.jpg in Resources */,
				87AD428F1692B6C600280F22 /* Images.bundle in Resources */,
				87737DEA1693F35D00C8CD98 /* MainMenu.xib in Resources */,
				87737DF0169539D100C8CD98 /* icons.icns in Resources */,
			);
			runOnlyForDeploymentPostprocessing = 0;
		};
/* End PBXResourcesBuildPhase section */

/* Begin PBXSourcesBuildPhase section */
		87705D7E1672DBFC00495FA9 /* Sources */ = {
			isa = PBXSourcesBuildPhase;
			buildActionMask = 2147483647;
			files = (
				87705D931672DBFC00495FA9 /* main.m in Sources */,
				87705D9A1672DBFC00495FA9 /* AppDelegate.m in Sources */,
				87705DA71672E45300495FA9 /* ImageItem.m in Sources */,
				87705DAA167304C000495FA9 /* AppController.m in Sources */,
				87705DD01674AC2600495FA9 /* FileManager.m in Sources */,
				879968111676447600048ADE /* MainView.m in Sources */,
			);
			runOnlyForDeploymentPostprocessing = 0;
		};
/* End PBXSourcesBuildPhase section */

/* Begin PBXVariantGroup section */
		87705DBC16731FB400495FA9 /* Localizable.strings */ = {
			isa = PBXVariantGroup;
			children = (
				87705DBB16731FB400495FA9 /* en */,
				87705DBD16731FB600495FA9 /* ja */,
			);
			name = Localizable.strings;
			sourceTree = "<group>";
		};
/* End PBXVariantGroup section */

/* Begin XCBuildConfiguration section */
		87705D9E1672DBFD00495FA9 /* Debug */ = {
			isa = XCBuildConfiguration;
			buildSettings = {
				ALWAYS_SEARCH_USER_PATHS = NO;
				ARCHS = "$(ARCHS_STANDARD_64_BIT)";
				CLANG_CXX_LANGUAGE_STANDARD = "gnu++0x";
				CLANG_CXX_LIBRARY = "libc++";
				CLANG_ENABLE_OBJC_ARC = YES;
				CLANG_WARN_EMPTY_BODY = YES;
				CLANG_WARN__DUPLICATE_METHOD_MATCH = YES;
				COPY_PHASE_STRIP = NO;
				GCC_C_LANGUAGE_STANDARD = gnu99;
				GCC_DYNAMIC_NO_PIC = NO;
				GCC_ENABLE_OBJC_EXCEPTIONS = YES;
				GCC_OPTIMIZATION_LEVEL = 0;
				GCC_PREPROCESSOR_DEFINITIONS = (
					"DEBUG=1",
					"$(inherited)",
				);
				GCC_SYMBOLS_PRIVATE_EXTERN = NO;
				GCC_WARN_64_TO_32_BIT_CONVERSION = YES;
				GCC_WARN_ABOUT_RETURN_TYPE = YES;
				GCC_WARN_UNINITIALIZED_AUTOS = YES;
				GCC_WARN_UNUSED_VARIABLE = YES;
				MACOSX_DEPLOYMENT_TARGET = 10.7;
				ONLY_ACTIVE_ARCH = YES;
				SDKROOT = macosx;
			};
			name = Debug;
		};
		87705D9F1672DBFD00495FA9 /* Release */ = {
			isa = XCBuildConfiguration;
			buildSettings = {
				ALWAYS_SEARCH_USER_PATHS = NO;
				ARCHS = "$(ARCHS_STANDARD_64_BIT)";
				CLANG_CXX_LANGUAGE_STANDARD = "gnu++0x";
				CLANG_CXX_LIBRARY = "libc++";
				CLANG_ENABLE_OBJC_ARC = YES;
				CLANG_WARN_EMPTY_BODY = YES;
				CLANG_WARN__DUPLICATE_METHOD_MATCH = YES;
				COPY_PHASE_STRIP = YES;
				DEBUG_INFORMATION_FORMAT = "dwarf-with-dsym";
				GCC_C_LANGUAGE_STANDARD = gnu99;
				GCC_ENABLE_OBJC_EXCEPTIONS = YES;
				GCC_WARN_64_TO_32_BIT_CONVERSION = YES;
				GCC_WARN_ABOUT_RETURN_TYPE = YES;
				GCC_WARN_UNINITIALIZED_AUTOS = YES;
				GCC_WARN_UNUSED_VARIABLE = YES;
				MACOSX_DEPLOYMENT_TARGET = 10.7;
				SDKROOT = macosx;
			};
			name = Release;
		};
		87705DA11672DBFD00495FA9 /* Debug */ = {
			isa = XCBuildConfiguration;
			buildSettings = {
				CODE_SIGN_ENTITLEMENTS = Wallpapers/Wallpapers.entitlements;
				COMBINE_HIDPI_IMAGES = YES;
				GCC_PRECOMPILE_PREFIX_HEADER = YES;
				GCC_PREFIX_HEADER = "Wallpapers/Wallpapers-Prefix.pch";
				GCC_WARN_INITIALIZER_NOT_FULLY_BRACKETED = YES;
				GCC_WARN_SHADOW = YES;
				GCC_WARN_SIGN_COMPARE = YES;
				GCC_WARN_UNDECLARED_SELECTOR = YES;
				GCC_WARN_UNUSED_FUNCTION = YES;
				GCC_WARN_UNUSED_LABEL = YES;
				INFOPLIST_FILE = Wallpapers/Info.plist;
				MACOSX_DEPLOYMENT_TARGET = 10.6;
				PRODUCT_NAME = "$(TARGET_NAME)";
				WRAPPER_EXTENSION = app;
			};
			name = Debug;
		};
		87705DA21672DBFD00495FA9 /* Release */ = {
			isa = XCBuildConfiguration;
			buildSettings = {
				CODE_SIGN_ENTITLEMENTS = Wallpapers/Wallpapers.entitlements;
				COMBINE_HIDPI_IMAGES = YES;
				GCC_PRECOMPILE_PREFIX_HEADER = YES;
				GCC_PREFIX_HEADER = "Wallpapers/Wallpapers-Prefix.pch";
				GCC_WARN_INITIALIZER_NOT_FULLY_BRACKETED = YES;
				GCC_WARN_SHADOW = YES;
				GCC_WARN_SIGN_COMPARE = YES;
				GCC_WARN_UNDECLARED_SELECTOR = YES;
				GCC_WARN_UNUSED_FUNCTION = YES;
				GCC_WARN_UNUSED_LABEL = YES;
				INFOPLIST_FILE = Wallpapers/Info.plist;
				MACOSX_DEPLOYMENT_TARGET = 10.6;
				PRODUCT_NAME = "$(TARGET_NAME)";
				WRAPPER_EXTENSION = app;
			};
			name = Release;
		};
/* End XCBuildConfiguration section */

/* Begin XCConfigurationList section */
		87705D7C1672DBFC00495FA9 /* Build configuration list for PBXProject "Wallpapers" */ = {
			isa = XCConfigurationList;
			buildConfigurations = (
				87705D9E1672DBFD00495FA9 /* Debug */,
				87705D9F1672DBFD00495FA9 /* Release */,
			);
			defaultConfigurationIsVisible = 0;
			defaultConfigurationName = Release;
		};
		87705DA01672DBFD00495FA9 /* Build configuration list for PBXNativeTarget "Wallpapers" */ = {
			isa = XCConfigurationList;
			buildConfigurations = (
				87705DA11672DBFD00495FA9 /* Debug */,
				87705DA21672DBFD00495FA9 /* Release */,
			);
			defaultConfigurationIsVisible = 0;
			defaultConfigurationName = Release;
		};
/* End XCConfigurationList section */
	};
	rootObject = 87705D791672DBFC00495FA9 /* Project object */;
}
